
Microsoft Visual Studio Solution File, Format Version 12.00
# Visual Studio Version 16
VisualStudioVersion = 16.0.31205.134
MinimumVisualStudioVersion = 10.0.40219.1
Project("{8BC9CEB8-8B4A-11D0-8D11-00A0C91BC942}") = "Intercom", "Intercom.vcxproj", "{EF0B867F-BD7C-4A64-A40B-C369E51E4240}"
EndProject
Global
	GlobalSection(SolutionConfigurationPlatforms) = preSolution
		Debug|x64 = Debug|x64
		Debug|x86 = Debug|x86
		Release|x64 = Release|x64
		Release|x86 = Release|x86
	EndGlobalSection
	GlobalSection(ProjectConfigurationPlatforms) = postSolution
		{EF0B867F-BD7C-4A64-A40B-C369E51E4240}.Debug|x64.ActiveCfg = Debug|x64
		{EF0B867F-BD7C-4A64-A40B-C369E51E4240}.Debug|x64.Build.0 = Debug|x64
		{EF0B867F-BD7C-4A64-A40B-C369E51E4240}.Debug|x86.ActiveCfg = Debug|Win32
		{EF0B867F-BD7C-4A64-A40B-C369E51E4240}.Debug|x86.Build.0 = Debug|Win32
		{EF0B867F-BD7C-4A64-A40B-C369E51E4240}.Release|x64.ActiveCfg = Release|x64
		{EF0B867F-BD7C-4A64-A40B-C369E51E4240}.Release|x64.Build.0 = Release|x64
		{EF0B867F-BD7C-4A64-A40B-C369E51E4240}.Release|x86.ActiveCfg = Release|Win32
		{EF0B867F-BD7C-4A64-A40B-C369E51E4240}.Release|x86.Build.0 = Release|Win32
	EndGlobalSection
	GlobalSection(SolutionProperties) = preSolution
		HideSolutionNode = FALSE
	EndGlobalSection
	GlobalSection(ExtensibilityGlobals) = postSolution
		SolutionGuid = {162DEB1E-1BBD-4A1F-8808-2246A1FF9041}
	EndGlobalSection
EndGlobal
